// !$*UTF8*$!
{
	archiveVersion = 1;
	classes = {
	};
	objectVersion = 48;
	objects = {

/* Begin PBXBuildFile section */
		F5A1790720864CF0001CED2D /* AppDelegate.swift in Sources */ = {isa = PBXBuildFile; fileRef = F5A1790620864CF0001CED2D /* AppDelegate.swift */; };
		F5A1790920864CF0001CED2D /* ViewController.swift in Sources */ = {isa = PBXBuildFile; fileRef = F5A1790820864CF0001CED2D /* ViewController.swift */; };
		F5A1790C20864CF0001CED2D /* Main.storyboard in Resources */ = {isa = PBXBuildFile; fileRef = F5A1790A20864CF0001CED2D /* Main.storyboard */; };
		F5A1790E20864CF0001CED2D /* Assets.xcassets in Resources */ = {isa = PBXBuildFile; fileRef = F5A1790D20864CF0001CED2D /* Assets.xcassets */; };
		F5A1791120864CF0001CED2D /* LaunchScreen.storyboard in Resources */ = {isa = PBXBuildFile; fileRef = F5A1790F20864CF0001CED2D /* LaunchScreen.storyboard */; };
		F5A1791B20864F75001CED2D /* UIViewExt.swift in Sources */ = {isa = PBXBuildFile; fileRef = F5A1791A20864F75001CED2D /* UIViewExt.swift */; };
		F5A1791D20865142001CED2D /* Constants.swift in Sources */ = {isa = PBXBuildFile; fileRef = F5A1791C20865142001CED2D /* Constants.swift */; };
		F5A1792120865546001CED2D /* PageCell.swift in Sources */ = {isa = PBXBuildFile; fileRef = F5A1792020865546001CED2D /* PageCell.swift */; };
/* End PBXBuildFile section */

/* Begin PBXFileReference section */
		F5A1790320864CF0001CED2D /* drone.app */ = {isa = PBXFileReference; explicitFileType = wrapper.application; includeInIndex = 0; path = drone.app; sourceTree = BUILT_PRODUCTS_DIR; };
		F5A1790620864CF0001CED2D /* AppDelegate.swift */ = {isa = PBXFileReference; lastKnownFileType = sourcecode.swift; path = AppDelegate.swift; sourceTree = "<group>"; };
		F5A1790820864CF0001CED2D /* ViewController.swift */ = {isa = PBXFileReference; lastKnownFileType = sourcecode.swift; path = ViewController.swift; sourceTree = "<group>"; };
		F5A1790B20864CF0001CED2D /* Base */ = {isa = PBXFileReference; lastKnownFileType = file.storyboard; name = Base; path = Base.lproj/Main.storyboard; sourceTree = "<group>"; };
		F5A1790D20864CF0001CED2D /* Assets.xcassets */ = {isa = PBXFileReference; lastKnownFileType = folder.assetcatalog; path = Assets.xcassets; sourceTree = "<group>"; };
		F5A1791020864CF0001CED2D /* Base */ = {isa = PBXFileReference; lastKnownFileType = file.storyboard; name = Base; path = Base.lproj/LaunchScreen.storyboard; sourceTree = "<group>"; };
		F5A1791220864CF0001CED2D /* Info.plist */ = {isa = PBXFileReference; lastKnownFileType = text.plist.xml; path = Info.plist; sourceTree = "<group>"; };
		F5A1791A20864F75001CED2D /* UIViewExt.swift */ = {isa = PBXFileReference; lastKnownFileType = sourcecode.swift; path = UIViewExt.swift; sourceTree = "<group>"; };
		F5A1791C20865142001CED2D /* Constants.swift */ = {isa = PBXFileReference; lastKnownFileType = sourcecode.swift; path = Constants.swift; sourceTree = "<group>"; };
		F5A1792020865546001CED2D /* PageCell.swift */ = {isa = PBXFileReference; lastKnownFileType = sourcecode.swift; path = PageCell.swift; sourceTree = "<group>"; };
/* End PBXFileReference section */

/* Begin PBXFrameworksBuildPhase section */
		F5A1790020864CF0001CED2D /* Frameworks */ = {
			isa = PBXFrameworksBuildPhase;
			buildActionMask = 2147483647;
			files = (
			);
			runOnlyForDeploymentPostprocessing = 0;
		};
/* End PBXFrameworksBuildPhase section */

/* Begin PBXGroup section */
		F5A178FA20864CF0001CED2D = {
			isa = PBXGroup;
			children = (
				F5A1790520864CF0001CED2D /* drone */,
				F5A1790420864CF0001CED2D /* Products */,
			);
			sourceTree = "<group>";
		};
		F5A1790420864CF0001CED2D /* Products */ = {
			isa = PBXGroup;
			children = (
				F5A1790320864CF0001CED2D /* drone.app */,
			);
			name = Products;
			sourceTree = "<group>";
		};
		F5A1790520864CF0001CED2D /* drone */ = {
			isa = PBXGroup;
			children = (
				F5A1791F20865538001CED2D /* View */,
				F5A1791E20865532001CED2D /* Controller */,
				F5A1790620864CF0001CED2D /* AppDelegate.swift */,
				F5A1790820864CF0001CED2D /* ViewController.swift */,
				F5A1790A20864CF0001CED2D /* Main.storyboard */,
				F5A1790D20864CF0001CED2D /* Assets.xcassets */,
				F5A1790F20864CF0001CED2D /* LaunchScreen.storyboard */,
				F5A1791220864CF0001CED2D /* Info.plist */,
				F5A1791A20864F75001CED2D /* UIViewExt.swift */,
				F5A1791C20865142001CED2D /* Constants.swift */,
			);
			path = drone;
			sourceTree = "<group>";
		};
		F5A1791E20865532001CED2D /* Controller */ = {
			isa = PBXGroup;
			children = (
			);
			path = Controller;
			sourceTree = "<group>";
		};
		F5A1791F20865538001CED2D /* View */ = {
			isa = PBXGroup;
			children = (
				F5A1792020865546001CED2D /* PageCell.swift */,
			);
			path = View;
			sourceTree = "<group>";
		};
/* End PBXGroup section */

/* Begin PBXNativeTarget section */
		F5A1790220864CF0001CED2D /* drone */ = {
			isa = PBXNativeTarget;
			buildConfigurationList = F5A1791520864CF0001CED2D /* Build configuration list for PBXNativeTarget "drone" */;
			buildPhases = (
				F5A178FF20864CF0001CED2D /* Sources */,
				F5A1790020864CF0001CED2D /* Frameworks */,
				F5A1790120864CF0001CED2D /* Resources */,
			);
			buildRules = (
			);
			dependencies = (
			);
			name = drone;
			productName = drone;
			productReference = F5A1790320864CF0001CED2D /* drone.app */;
			productType = "com.apple.product-type.application";
		};
/* End PBXNativeTarget section */

/* Begin PBXProject section */
		F5A178FB20864CF0001CED2D /* Project object */ = {
			isa = PBXProject;
			attributes = {
				LastSwiftUpdateCheck = 0920;
				LastUpgradeCheck = 0920;
				ORGANIZATIONNAME = NeonatCore;
				TargetAttributes = {
					F5A1790220864CF0001CED2D = {
						CreatedOnToolsVersion = 9.2;
						ProvisioningStyle = Automatic;
					};
				};
			};
			buildConfigurationList = F5A178FE20864CF0001CED2D /* Build configuration list for PBXProject "drone" */;
			compatibilityVersion = "Xcode 8.0";
			developmentRegion = en;
			hasScannedForEncodings = 0;
			knownRegions = (
				en,
				Base,
			);
			mainGroup = F5A178FA20864CF0001CED2D;
			productRefGroup = F5A1790420864CF0001CED2D /* Products */;
			projectDirPath = "";
			projectRoot = "";
			targets = (
				F5A1790220864CF0001CED2D /* drone */,
			);
		};
/* End PBXProject section */

/* Begin PBXResourcesBuildPhase section */
		F5A1790120864CF0001CED2D /* Resources */ = {
			isa = PBXResourcesBuildPhase;
			buildActionMask = 2147483647;
			files = (
				F5A1791120864CF0001CED2D /* LaunchScreen.storyboard in Resources */,
				F5A1790E20864CF0001CED2D /* Assets.xcassets in Resources */,
				F5A1790C20864CF0001CED2D /* Main.storyboard in Resources */,
			);
			runOnlyForDeploymentPostprocessing = 0;
		};
/* End PBXResourcesBuildPhase section */

/* Begin PBXSourcesBuildPhase section */
		F5A178FF20864CF0001CED2D /* Sources */ = {
			isa = PBXSourcesBuildPhase;
			buildActionMask = 2147483647;
			files = (
				F5A1791B20864F75001CED2D /* UIViewExt.swift in Sources */,
				F5A1792120865546001CED2D /* PageCell.swift in Sources */,
				F5A1790920864CF0001CED2D /* ViewController.swift in Sources */,
				F5A1790720864CF0001CED2D /* AppDelegate.swift in Sources */,
				F5A1791D20865142001CED2D /* Constants.swift in Sources */,
			);
			runOnlyForDeploymentPostprocessing = 0;
		};
/* End PBXSourcesBuildPhase section */

/* Begin PBXVariantGroup section */
		F5A1790A20864CF0001CED2D /* Main.storyboard */ = {
			isa = PBXVariantGroup;
			children = (
				F5A1790B20864CF0001CED2D /* Base */,
			);
			name = Main.storyboard;
			sourceTree = "<group>";
		};
		F5A1790F20864CF0001CED2D /* LaunchScreen.storyboard */ = {
			isa = PBXVariantGroup;
			children = (
				F5A1791020864CF0001CED2D /* Base */,
			);
			name = LaunchScreen.storyboard;
			sourceTree = "<group>";
		};
/* End PBXVariantGroup section */

/* Begin XCBuildConfiguration section */
		F5A1791320864CF0001CED2D /* Debug */ = {
			isa = XCBuildConfiguration;
			buildSettings = {
				ALWAYS_SEARCH_USER_PATHS = NO;
				CLANG_ANALYZER_NONNULL = YES;
				CLANG_ANALYZER_NUMBER_OBJECT_CONVERSION = YES_AGGRESSIVE;
				CLANG_CXX_LANGUAGE_STANDARD = "gnu++14";
				CLANG_CXX_LIBRARY = "libc++";
				CLANG_ENABLE_MODULES = YES;
				CLANG_ENABLE_OBJC_ARC = YES;
				CLANG_WARN_BLOCK_CAPTURE_AUTORELEASING = YES;
				CLANG_WARN_BOOL_CONVERSION = YES;
				CLANG_WARN_COMMA = YES;
				CLANG_WARN_CONSTANT_CONVERSION = YES;
				CLANG_WARN_DIRECT_OBJC_ISA_USAGE = YES_ERROR;
				CLANG_WARN_DOCUMENTATION_COMMENTS = YES;
				CLANG_WARN_EMPTY_BODY = YES;
				CLANG_WARN_ENUM_CONVERSION = YES;
				CLANG_WARN_INFINITE_RECURSION = YES;
				CLANG_WARN_INT_CONVERSION = YES;
				CLANG_WARN_NON_LITERAL_NULL_CONVERSION = YES;
				CLANG_WARN_OBJC_LITERAL_CONVERSION = YES;
				CLANG_WARN_OBJC_ROOT_CLASS = YES_ERROR;
				CLANG_WARN_RANGE_LOOP_ANALYSIS = YES;
				CLANG_WARN_STRICT_PROTOTYPES = YES;
				CLANG_WARN_SUSPICIOUS_MOVE = YES;
				CLANG_WARN_UNGUARDED_AVAILABILITY = YES_AGGRESSIVE;
				CLANG_WARN_UNREACHABLE_CODE = YES;
				CLANG_WARN__DUPLICATE_METHOD_MATCH = YES;
				CODE_SIGN_IDENTITY = "iPhone Developer";
				COPY_PHASE_STRIP = NO;
				DEBUG_INFORMATION_FORMAT = dwarf;
				ENABLE_STRICT_OBJC_MSGSEND = YES;
				ENABLE_TESTABILITY = YES;
				GCC_C_LANGUAGE_STANDARD = gnu11;
				GCC_DYNAMIC_NO_PIC = NO;
				GCC_NO_COMMON_BLOCKS = YES;
				GCC_OPTIMIZATION_LEVEL = 0;
				GCC_PREPROCESSOR_DEFINITIONS = (
					"DEBUG=1",
					"$(inherited)",
				);
				GCC_WARN_64_TO_32_BIT_CONVERSION = YES;
				GCC_WARN_ABOUT_RETURN_TYPE = YES_ERROR;
				GCC_WARN_UNDECLARED_SELECTOR = YES;
				GCC_WARN_UNINITIALIZED_AUTOS = YES_AGGRESSIVE;
				GCC_WARN_UNUSED_FUNCTION = YES;
				GCC_WARN_UNUSED_VARIABLE = YES;
				IPHONEOS_DEPLOYMENT_TARGET = 11.2;
				MTL_ENABLE_DEBUG_INFO = YES;
				ONLY_ACTIVE_ARCH = YES;
				SDKROOT = iphoneos;
				SWIFT_ACTIVE_COMPILATION_CONDITIONS = DEBUG;
				SWIFT_OPTIMIZATION_LEVEL = "-Onone";
			};
			name = Debug;
		};
		F5A1791420864CF0001CED2D /* Release */ = {
			isa = XCBuildConfiguration;
			buildSettings = {
				ALWAYS_SEARCH_USER_PATHS = NO;
				CLANG_ANALYZER_NONNULL = YES;
				CLANG_ANALYZER_NUMBER_OBJECT_CONVERSION = YES_AGGRESSIVE;
				CLANG_CXX_LANGUAGE_STANDARD = "gnu++14";
				CLANG_CXX_LIBRARY = "libc++";
				CLANG_ENABLE_MODULES = YES;
				CLANG_ENABLE_OBJC_ARC = YES;
				CLANG_WARN_BLOCK_CAPTURE_AUTORELEASING = YES;
				CLANG_WARN_BOOL_CONVERSION = YES;
				CLANG_WARN_COMMA = YES;
				CLANG_WARN_CONSTANT_CONVERSION = YES;
				CLANG_WARN_DIRECT_OBJC_ISA_USAGE = YES_ERROR;
				CLANG_WARN_DOCUMENTATION_COMMENTS = YES;
				CLANG_WARN_EMPTY_BODY = YES;
				CLANG_WARN_ENUM_CONVERSION = YES;
				CLANG_WARN_INFINITE_RECURSION = YES;
				CLANG_WARN_INT_CONVERSION = YES;
				CLANG_WARN_NON_LITERAL_NULL_CONVERSION = YES;
				CLANG_WARN_OBJC_LITERAL_CONVERSION = YES;
				CLANG_WARN_OBJC_ROOT_CLASS = YES_ERROR;
				CLANG_WARN_RANGE_LOOP_ANALYSIS = YES;
				CLANG_WARN_STRICT_PROTOTYPES = YES;
				CLANG_WARN_SUSPICIOUS_MOVE = YES;
				CLANG_WARN_UNGUARDED_AVAILABILITY = YES_AGGRESSIVE;
				CLANG_WARN_UNREACHABLE_CODE = YES;
				CLANG_WARN__DUPLICATE_METHOD_MATCH = YES;
				CODE_SIGN_IDENTITY = "iPhone Developer";
				COPY_PHASE_STRIP = NO;
				DEBUG_INFORMATION_FORMAT = "dwarf-with-dsym";
				ENABLE_NS_ASSERTIONS = NO;
				ENABLE_STRICT_OBJC_MSGSEND = YES;
				GCC_C_LANGUAGE_STANDARD = gnu11;
				GCC_NO_COMMON_BLOCKS = YES;
				GCC_WARN_64_TO_32_BIT_CONVERSION = YES;
				GCC_WARN_ABOUT_RETURN_TYPE = YES_ERROR;
				GCC_WARN_UNDECLARED_SELECTOR = YES;
				GCC_WARN_UNINITIALIZED_AUTOS = YES_AGGRESSIVE;
				GCC_WARN_UNUSED_FUNCTION = YES;
				GCC_WARN_UNUSED_VARIABLE = YES;
				IPHONEOS_DEPLOYMENT_TARGET = 11.2;
				MTL_ENABLE_DEBUG_INFO = NO;
				SDKROOT = iphoneos;
				SWIFT_OPTIMIZATION_LEVEL = "-Owholemodule";
				VALIDATE_PRODUCT = YES;
			};
			name = Release;
		};
		F5A1791620864CF0001CED2D /* Debug */ = {
			isa = XCBuildConfiguration;
			buildSettings = {
				ASSETCATALOG_COMPILER_APPICON_NAME = AppIcon;
				CODE_SIGN_STYLE = Automatic;
				DEVELOPMENT_TEAM = Y2M3TGJYMN;
				INFOPLIST_FILE = drone/Info.plist;
				LD_RUNPATH_SEARCH_PATHS = "$(inherited) @executable_path/Frameworks";
				PRODUCT_BUNDLE_IDENTIFIER = com.neonatcore.drone;
				PRODUCT_NAME = "$(TARGET_NAME)";
				SWIFT_VERSION = 4.0;
				TARGETED_DEVICE_FAMILY = "1,2";
			};
			name = Debug;
		};
		F5A1791720864CF0001CED2D /* Release */ = {
			isa = XCBuildConfiguration;
			buildSettings = {
				ASSETCATALOG_COMPILER_APPICON_NAME = AppIcon;
				CODE_SIGN_STYLE = Automatic;
				DEVELOPMENT_TEAM = Y2M3TGJYMN;
				INFOPLIST_FILE = drone/Info.plist;
				LD_RUNPATH_SEARCH_PATHS = "$(inherited) @executable_path/Frameworks";
				PRODUCT_BUNDLE_IDENTIFIER = com.neonatcore.drone;
				PRODUCT_NAME = "$(TARGET_NAME)";
				SWIFT_VERSION = 4.0;
				TARGETED_DEVICE_FAMILY = "1,2";
			};
			name = Release;
		};
/* End XCBuildConfiguration section */

/* Begin XCConfigurationList section */
		F5A178FE20864CF0001CED2D /* Build configuration list for PBXProject "drone" */ = {
			isa = XCConfigurationList;
			buildConfigurations = (
				F5A1791320864CF0001CED2D /* Debug */,
				F5A1791420864CF0001CED2D /* Release */,
			);
			defaultConfigurationIsVisible = 0;
			defaultConfigurationName = Release;
		};
		F5A1791520864CF0001CED2D /* Build configuration list for PBXNativeTarget "drone" */ = {
			isa = XCConfigurationList;
			buildConfigurations = (
				F5A1791620864CF0001CED2D /* Debug */,
				F5A1791720864CF0001CED2D /* Release */,
			);
			defaultConfigurationIsVisible = 0;
			defaultConfigurationName = Release;
		};
/* End XCConfigurationList section */
	};
	rootObject = F5A178FB20864CF0001CED2D /* Project object */;
}
